// !$*UTF8*$!
{
	archiveVersion = 1;
	classes = {
	};
	objectVersion = 48;
	objects = {

/* Begin PBXBuildFile section */
		DF379AE91FD5A19A002B5453 /* AppDelegate.swift in Sources */ = {isa = PBXBuildFile; fileRef = DF379AE81FD5A19A002B5453 /* AppDelegate.swift */; };
		DF379AEB1FD5A19A002B5453 /* ViewController.swift in Sources */ = {isa = PBXBuildFile; fileRef = DF379AEA1FD5A19A002B5453 /* ViewController.swift */; };
		DF379AEE1FD5A19A002B5453 /* Main.storyboard in Resources */ = {isa = PBXBuildFile; fileRef = DF379AEC1FD5A19A002B5453 /* Main.storyboard */; };
		DF379AF01FD5A19A002B5453 /* Assets.xcassets in Resources */ = {isa = PBXBuildFile; fileRef = DF379AEF1FD5A19A002B5453 /* Assets.xcassets */; };
		DF379AF31FD5A19A002B5453 /* LaunchScreen.storyboard in Resources */ = {isa = PBXBuildFile; fileRef = DF379AF11FD5A19A002B5453 /* LaunchScreen.storyboard */; };
		DF379AFE1FD5A19A002B5453 /* earth3dTests.swift in Sources */ = {isa = PBXBuildFile; fileRef = DF379AFD1FD5A19A002B5453 /* earth3dTests.swift */; };
		DF379B091FD5A19A002B5453 /* earth3dUITests.swift in Sources */ = {isa = PBXBuildFile; fileRef = DF379B081FD5A19A002B5453 /* earth3dUITests.swift */; };
/* End PBXBuildFile section */

/* Begin PBXContainerItemProxy section */
		DF379AFA1FD5A19A002B5453 /* PBXContainerItemProxy */ = {
			isa = PBXContainerItemProxy;
			containerPortal = DF379ADD1FD5A19A002B5453 /* Project object */;
			proxyType = 1;
			remoteGlobalIDString = DF379AE41FD5A19A002B5453;
			remoteInfo = earth3d;
		};
		DF379B051FD5A19A002B5453 /* PBXContainerItemProxy */ = {
			isa = PBXContainerItemProxy;
			containerPortal = DF379ADD1FD5A19A002B5453 /* Project object */;
			proxyType = 1;
			remoteGlobalIDString = DF379AE41FD5A19A002B5453;
			remoteInfo = earth3d;
		};
/* End PBXContainerItemProxy section */

/* Begin PBXFileReference section */
		DF379AE51FD5A19A002B5453 /* earth3d.app */ = {isa = PBXFileReference; explicitFileType = wrapper.application; includeInIndex = 0; path = earth3d.app; sourceTree = BUILT_PRODUCTS_DIR; };
		DF379AE81FD5A19A002B5453 /* AppDelegate.swift */ = {isa = PBXFileReference; lastKnownFileType = sourcecode.swift; path = AppDelegate.swift; sourceTree = "<group>"; };
		DF379AEA1FD5A19A002B5453 /* ViewController.swift */ = {isa = PBXFileReference; lastKnownFileType = sourcecode.swift; path = ViewController.swift; sourceTree = "<group>"; };
		DF379AED1FD5A19A002B5453 /* Base */ = {isa = PBXFileReference; lastKnownFileType = file.storyboard; name = Base; path = Base.lproj/Main.storyboard; sourceTree = "<group>"; };
		DF379AEF1FD5A19A002B5453 /* Assets.xcassets */ = {isa = PBXFileReference; lastKnownFileType = folder.assetcatalog; path = Assets.xcassets; sourceTree = "<group>"; };
		DF379AF21FD5A19A002B5453 /* Base */ = {isa = PBXFileReference; lastKnownFileType = file.storyboard; name = Base; path = Base.lproj/LaunchScreen.storyboard; sourceTree = "<group>"; };
		DF379AF41FD5A19A002B5453 /* Info.plist */ = {isa = PBXFileReference; lastKnownFileType = text.plist.xml; path = Info.plist; sourceTree = "<group>"; };
		DF379AF91FD5A19A002B5453 /* earth3dTests.xctest */ = {isa = PBXFileReference; explicitFileType = wrapper.cfbundle; includeInIndex = 0; path = earth3dTests.xctest; sourceTree = BUILT_PRODUCTS_DIR; };
		DF379AFD1FD5A19A002B5453 /* earth3dTests.swift */ = {isa = PBXFileReference; lastKnownFileType = sourcecode.swift; path = earth3dTests.swift; sourceTree = "<group>"; };
		DF379AFF1FD5A19A002B5453 /* Info.plist */ = {isa = PBXFileReference; lastKnownFileType = text.plist.xml; path = Info.plist; sourceTree = "<group>"; };
		DF379B041FD5A19A002B5453 /* earth3dUITests.xctest */ = {isa = PBXFileReference; explicitFileType = wrapper.cfbundle; includeInIndex = 0; path = earth3dUITests.xctest; sourceTree = BUILT_PRODUCTS_DIR; };
		DF379B081FD5A19A002B5453 /* earth3dUITests.swift */ = {isa = PBXFileReference; lastKnownFileType = sourcecode.swift; path = earth3dUITests.swift; sourceTree = "<group>"; };
		DF379B0A1FD5A19A002B5453 /* Info.plist */ = {isa = PBXFileReference; lastKnownFileType = text.plist.xml; path = Info.plist; sourceTree = "<group>"; };
/* End PBXFileReference section */

/* Begin PBXFrameworksBuildPhase section */
		DF379AE21FD5A19A002B5453 /* Frameworks */ = {
			isa = PBXFrameworksBuildPhase;
			buildActionMask = 2147483647;
			files = (
			);
			runOnlyForDeploymentPostprocessing = 0;
		};
		DF379AF61FD5A19A002B5453 /* Frameworks */ = {
			isa = PBXFrameworksBuildPhase;
			buildActionMask = 2147483647;
			files = (
			);
			runOnlyForDeploymentPostprocessing = 0;
		};
		DF379B011FD5A19A002B5453 /* Frameworks */ = {
			isa = PBXFrameworksBuildPhase;
			buildActionMask = 2147483647;
			files = (
			);
			runOnlyForDeploymentPostprocessing = 0;
		};
/* End PBXFrameworksBuildPhase section */

/* Begin PBXGroup section */
		DF379ADC1FD5A19A002B5453 = {
			isa = PBXGroup;
			children = (
				DF379AE71FD5A19A002B5453 /* earth3d */,
				DF379AFC1FD5A19A002B5453 /* earth3dTests */,
				DF379B071FD5A19A002B5453 /* earth3dUITests */,
				DF379AE61FD5A19A002B5453 /* Products */,
			);
			sourceTree = "<group>";
		};
		DF379AE61FD5A19A002B5453 /* Products */ = {
			isa = PBXGroup;
			children = (
				DF379AE51FD5A19A002B5453 /* earth3d.app */,
				DF379AF91FD5A19A002B5453 /* earth3dTests.xctest */,
				DF379B041FD5A19A002B5453 /* earth3dUITests.xctest */,
			);
			name = Products;
			sourceTree = "<group>";
		};
		DF379AE71FD5A19A002B5453 /* earth3d */ = {
			isa = PBXGroup;
			children = (
				DF379AE81FD5A19A002B5453 /* AppDelegate.swift */,
				DF379AEA1FD5A19A002B5453 /* ViewController.swift */,
				DF379AEC1FD5A19A002B5453 /* Main.storyboard */,
				DF379AEF1FD5A19A002B5453 /* Assets.xcassets */,
				DF379AF11FD5A19A002B5453 /* LaunchScreen.storyboard */,
				DF379AF41FD5A19A002B5453 /* Info.plist */,
			);
			path = earth3d;
			sourceTree = "<group>";
		};
		DF379AFC1FD5A19A002B5453 /* earth3dTests */ = {
			isa = PBXGroup;
			children = (
				DF379AFD1FD5A19A002B5453 /* earth3dTests.swift */,
				DF379AFF1FD5A19A002B5453 /* Info.plist */,
			);
			path = earth3dTests;
			sourceTree = "<group>";
		};
		DF379B071FD5A19A002B5453 /* earth3dUITests */ = {
			isa = PBXGroup;
			children = (
				DF379B081FD5A19A002B5453 /* earth3dUITests.swift */,
				DF379B0A1FD5A19A002B5453 /* Info.plist */,
			);
			path = earth3dUITests;
			sourceTree = "<group>";
		};
/* End PBXGroup section */

/* Begin PBXNativeTarget section */
		DF379AE41FD5A19A002B5453 /* earth3d */ = {
			isa = PBXNativeTarget;
			buildConfigurationList = DF379B0D1FD5A19B002B5453 /* Build configuration list for PBXNativeTarget "earth3d" */;
			buildPhases = (
				DF379AE11FD5A19A002B5453 /* Sources */,
				DF379AE21FD5A19A002B5453 /* Frameworks */,
				DF379AE31FD5A19A002B5453 /* Resources */,
			);
			buildRules = (
			);
			dependencies = (
			);
			name = earth3d;
			productName = earth3d;
			productReference = DF379AE51FD5A19A002B5453 /* earth3d.app */;
			productType = "com.apple.product-type.application";
		};
		DF379AF81FD5A19A002B5453 /* earth3dTests */ = {
			isa = PBXNativeTarget;
			buildConfigurationList = DF379B101FD5A19B002B5453 /* Build configuration list for PBXNativeTarget "earth3dTests" */;
			buildPhases = (
				DF379AF51FD5A19A002B5453 /* Sources */,
				DF379AF61FD5A19A002B5453 /* Frameworks */,
				DF379AF71FD5A19A002B5453 /* Resources */,
			);
			buildRules = (
			);
			dependencies = (
				DF379AFB1FD5A19A002B5453 /* PBXTargetDependency */,
			);
			name = earth3dTests;
			productName = earth3dTests;
			productReference = DF379AF91FD5A19A002B5453 /* earth3dTests.xctest */;
			productType = "com.apple.product-type.bundle.unit-test";
		};
		DF379B031FD5A19A002B5453 /* earth3dUITests */ = {
			isa = PBXNativeTarget;
			buildConfigurationList = DF379B131FD5A19B002B5453 /* Build configuration list for PBXNativeTarget "earth3dUITests" */;
			buildPhases = (
				DF379B001FD5A19A002B5453 /* Sources */,
				DF379B011FD5A19A002B5453 /* Frameworks */,
				DF379B021FD5A19A002B5453 /* Resources */,
			);
			buildRules = (
			);
			dependencies = (
				DF379B061FD5A19A002B5453 /* PBXTargetDependency */,
			);
			name = earth3dUITests;
			productName = earth3dUITests;
			productReference = DF379B041FD5A19A002B5453 /* earth3dUITests.xctest */;
			productType = "com.apple.product-type.bundle.ui-testing";
		};
/* End PBXNativeTarget section */

/* Begin PBXProject section */
		DF379ADD1FD5A19A002B5453 /* Project object */ = {
			isa = PBXProject;
			attributes = {
				LastSwiftUpdateCheck = 0910;
				LastUpgradeCheck = 0910;
				ORGANIZATIONNAME = "Vincent Bossaerts";
				TargetAttributes = {
					DF379AE41FD5A19A002B5453 = {
						CreatedOnToolsVersion = 9.1;
						ProvisioningStyle = Automatic;
					};
					DF379AF81FD5A19A002B5453 = {
						CreatedOnToolsVersion = 9.1;
						ProvisioningStyle = Automatic;
						TestTargetID = DF379AE41FD5A19A002B5453;
					};
					DF379B031FD5A19A002B5453 = {
						CreatedOnToolsVersion = 9.1;
						ProvisioningStyle = Automatic;
						TestTargetID = DF379AE41FD5A19A002B5453;
					};
				};
			};
			buildConfigurationList = DF379AE01FD5A19A002B5453 /* Build configuration list for PBXProject "earth3d" */;
			compatibilityVersion = "Xcode 8.0";
			developmentRegion = en;
			hasScannedForEncodings = 0;
			knownRegions = (
				en,
				Base,
			);
			mainGroup = DF379ADC1FD5A19A002B5453;
			productRefGroup = DF379AE61FD5A19A002B5453 /* Products */;
			projectDirPath = "";
			projectRoot = "";
			targets = (
				DF379AE41FD5A19A002B5453 /* earth3d */,
				DF379AF81FD5A19A002B5453 /* earth3dTests */,
				DF379B031FD5A19A002B5453 /* earth3dUITests */,
			);
		};
/* End PBXProject section */

/* Begin PBXResourcesBuildPhase section */
		DF379AE31FD5A19A002B5453 /* Resources */ = {
			isa = PBXResourcesBuildPhase;
			buildActionMask = 2147483647;
			files = (
				DF379AF31FD5A19A002B5453 /* LaunchScreen.storyboard in Resources */,
				DF379AF01FD5A19A002B5453 /* Assets.xcassets in Resources */,
				DF379AEE1FD5A19A002B5453 /* Main.storyboard in Resources */,
			);
			runOnlyForDeploymentPostprocessing = 0;
		};
		DF379AF71FD5A19A002B5453 /* Resources */ = {
			isa = PBXResourcesBuildPhase;
			buildActionMask = 2147483647;
			files = (
			);
			runOnlyForDeploymentPostprocessing = 0;
		};
		DF379B021FD5A19A002B5453 /* Resources */ = {
			isa = PBXResourcesBuildPhase;
			buildActionMask = 2147483647;
			files = (
			);
			runOnlyForDeploymentPostprocessing = 0;
		};
/* End PBXResourcesBuildPhase section */

/* Begin PBXSourcesBuildPhase section */
		DF379AE11FD5A19A002B5453 /* Sources */ = {
			isa = PBXSourcesBuildPhase;
			buildActionMask = 2147483647;
			files = (
				DF379AEB1FD5A19A002B5453 /* ViewController.swift in Sources */,
				DF379AE91FD5A19A002B5453 /* AppDelegate.swift in Sources */,
			);
			runOnlyForDeploymentPostprocessing = 0;
		};
		DF379AF51FD5A19A002B5453 /* Sources */ = {
			isa = PBXSourcesBuildPhase;
			buildActionMask = 2147483647;
			files = (
				DF379AFE1FD5A19A002B5453 /* earth3dTests.swift in Sources */,
			);
			runOnlyForDeploymentPostprocessing = 0;
		};
		DF379B001FD5A19A002B5453 /* Sources */ = {
			isa = PBXSourcesBuildPhase;
			buildActionMask = 2147483647;
			files = (
				DF379B091FD5A19A002B5453 /* earth3dUITests.swift in Sources */,
			);
			runOnlyForDeploymentPostprocessing = 0;
		};
/* End PBXSourcesBuildPhase section */

/* Begin PBXTargetDependency section */
		DF379AFB1FD5A19A002B5453 /* PBXTargetDependency */ = {
			isa = PBXTargetDependency;
			target = DF379AE41FD5A19A002B5453 /* earth3d */;
			targetProxy = DF379AFA1FD5A19A002B5453 /* PBXContainerItemProxy */;
		};
		DF379B061FD5A19A002B5453 /* PBXTargetDependency */ = {
			isa = PBXTargetDependency;
			target = DF379AE41FD5A19A002B5453 /* earth3d */;
			targetProxy = DF379B051FD5A19A002B5453 /* PBXContainerItemProxy */;
		};
/* End PBXTargetDependency section */

/* Begin PBXVariantGroup section */
		DF379AEC1FD5A19A002B5453 /* Main.storyboard */ = {
			isa = PBXVariantGroup;
			children = (
				DF379AED1FD5A19A002B5453 /* Base */,
			);
			name = Main.storyboard;
			sourceTree = "<group>";
		};
		DF379AF11FD5A19A002B5453 /* LaunchScreen.storyboard */ = {
			isa = PBXVariantGroup;
			children = (
				DF379AF21FD5A19A002B5453 /* Base */,
			);
			name = LaunchScreen.storyboard;
			sourceTree = "<group>";
		};
/* End PBXVariantGroup section */

/* Begin XCBuildConfiguration section */
		DF379B0B1FD5A19A002B5453 /* Debug */ = {
			isa = XCBuildConfiguration;
			buildSettings = {
				ALWAYS_SEARCH_USER_PATHS = NO;
				CLANG_ANALYZER_NONNULL = YES;
				CLANG_ANALYZER_NUMBER_OBJECT_CONVERSION = YES_AGGRESSIVE;
				CLANG_CXX_LANGUAGE_STANDARD = "gnu++14";
				CLANG_CXX_LIBRARY = "libc++";
				CLANG_ENABLE_MODULES = YES;
				CLANG_ENABLE_OBJC_ARC = YES;
				CLANG_WARN_BLOCK_CAPTURE_AUTORELEASING = YES;
				CLANG_WARN_BOOL_CONVERSION = YES;
				CLANG_WARN_COMMA = YES;
				CLANG_WARN_CONSTANT_CONVERSION = YES;
				CLANG_WARN_DIRECT_OBJC_ISA_USAGE = YES_ERROR;
				CLANG_WARN_DOCUMENTATION_COMMENTS = YES;
				CLANG_WARN_EMPTY_BODY = YES;
				CLANG_WARN_ENUM_CONVERSION = YES;
				CLANG_WARN_INFINITE_RECURSION = YES;
				CLANG_WARN_INT_CONVERSION = YES;
				CLANG_WARN_NON_LITERAL_NULL_CONVERSION = YES;
				CLANG_WARN_OBJC_LITERAL_CONVERSION = YES;
				CLANG_WARN_OBJC_ROOT_CLASS = YES_ERROR;
				CLANG_WARN_RANGE_LOOP_ANALYSIS = YES;
				CLANG_WARN_STRICT_PROTOTYPES = YES;
				CLANG_WARN_SUSPICIOUS_MOVE = YES;
				CLANG_WARN_UNGUARDED_AVAILABILITY = YES_AGGRESSIVE;
				CLANG_WARN_UNREACHABLE_CODE = YES;
				CLANG_WARN__DUPLICATE_METHOD_MATCH = YES;
				CODE_SIGN_IDENTITY = "iPhone Developer";
				COPY_PHASE_STRIP = NO;
				DEBUG_INFORMATION_FORMAT = dwarf;
				ENABLE_STRICT_OBJC_MSGSEND = YES;
				ENABLE_TESTABILITY = YES;
				GCC_C_LANGUAGE_STANDARD = gnu11;
				GCC_DYNAMIC_NO_PIC = NO;
				GCC_NO_COMMON_BLOCKS = YES;
				GCC_OPTIMIZATION_LEVEL = 0;
				GCC_PREPROCESSOR_DEFINITIONS = (
					"DEBUG=1",
					"$(inherited)",
				);
				GCC_WARN_64_TO_32_BIT_CONVERSION = YES;
				GCC_WARN_ABOUT_RETURN_TYPE = YES_ERROR;
				GCC_WARN_UNDECLARED_SELECTOR = YES;
				GCC_WARN_UNINITIALIZED_AUTOS = YES_AGGRESSIVE;
				GCC_WARN_UNUSED_FUNCTION = YES;
				GCC_WARN_UNUSED_VARIABLE = YES;
				IPHONEOS_DEPLOYMENT_TARGET = 11.1;
				MTL_ENABLE_DEBUG_INFO = YES;
				ONLY_ACTIVE_ARCH = YES;
				SDKROOT = iphoneos;
				SWIFT_ACTIVE_COMPILATION_CONDITIONS = DEBUG;
				SWIFT_OPTIMIZATION_LEVEL = "-Onone";
			};
			name = Debug;
		};
		DF379B0C1FD5A19A002B5453 /* Release */ = {
			isa = XCBuildConfiguration;
			buildSettings = {
				ALWAYS_SEARCH_USER_PATHS = NO;
				CLANG_ANALYZER_NONNULL = YES;
				CLANG_ANALYZER_NUMBER_OBJECT_CONVERSION = YES_AGGRESSIVE;
				CLANG_CXX_LANGUAGE_STANDARD = "gnu++14";
				CLANG_CXX_LIBRARY = "libc++";
				CLANG_ENABLE_MODULES = YES;
				CLANG_ENABLE_OBJC_ARC = YES;
				CLANG_WARN_BLOCK_CAPTURE_AUTORELEASING = YES;
				CLANG_WARN_BOOL_CONVERSION = YES;
				CLANG_WARN_COMMA = YES;
				CLANG_WARN_CONSTANT_CONVERSION = YES;
				CLANG_WARN_DIRECT_OBJC_ISA_USAGE = YES_ERROR;
				CLANG_WARN_DOCUMENTATION_COMMENTS = YES;
				CLANG_WARN_EMPTY_BODY = YES;
				CLANG_WARN_ENUM_CONVERSION = YES;
				CLANG_WARN_INFINITE_RECURSION = YES;
				CLANG_WARN_INT_CONVERSION = YES;
				CLANG_WARN_NON_LITERAL_NULL_CONVERSION = YES;
				CLANG_WARN_OBJC_LITERAL_CONVERSION = YES;
				CLANG_WARN_OBJC_ROOT_CLASS = YES_ERROR;
				CLANG_WARN_RANGE_LOOP_ANALYSIS = YES;
				CLANG_WARN_STRICT_PROTOTYPES = YES;
				CLANG_WARN_SUSPICIOUS_MOVE = YES;
				CLANG_WARN_UNGUARDED_AVAILABILITY = YES_AGGRESSIVE;
				CLANG_WARN_UNREACHABLE_CODE = YES;
				CLANG_WARN__DUPLICATE_METHOD_MATCH = YES;
				CODE_SIGN_IDENTITY = "iPhone Developer";
				COPY_PHASE_STRIP = NO;
				DEBUG_INFORMATION_FORMAT = "dwarf-with-dsym";
				ENABLE_NS_ASSERTIONS = NO;
				ENABLE_STRICT_OBJC_MSGSEND = YES;
				GCC_C_LANGUAGE_STANDARD = gnu11;
				GCC_NO_COMMON_BLOCKS = YES;
				GCC_WARN_64_TO_32_BIT_CONVERSION = YES;
				GCC_WARN_ABOUT_RETURN_TYPE = YES_ERROR;
				GCC_WARN_UNDECLARED_SELECTOR = YES;
				GCC_WARN_UNINITIALIZED_AUTOS = YES_AGGRESSIVE;
				GCC_WARN_UNUSED_FUNCTION = YES;
				GCC_WARN_UNUSED_VARIABLE = YES;
				IPHONEOS_DEPLOYMENT_TARGET = 11.1;
				MTL_ENABLE_DEBUG_INFO = NO;
				SDKROOT = iphoneos;
				SWIFT_OPTIMIZATION_LEVEL = "-Owholemodule";
				VALIDATE_PRODUCT = YES;
			};
			name = Release;
		};
		DF379B0E1FD5A19B002B5453 /* Debug */ = {
			isa = XCBuildConfiguration;
			buildSettings = {
				ASSETCATALOG_COMPILER_APPICON_NAME = AppIcon;
				CODE_SIGN_STYLE = Automatic;
				DEVELOPMENT_TEAM = FE7Z7XL8CP;
				INFOPLIST_FILE = earth3d/Info.plist;
				LD_RUNPATH_SEARCH_PATHS = "$(inherited) @executable_path/Frameworks";
				PRODUCT_BUNDLE_IDENTIFIER = arcobizon.earth3d;
				PRODUCT_NAME = "$(TARGET_NAME)";
				SWIFT_VERSION = 4.0;
				TARGETED_DEVICE_FAMILY = "1,2";
			};
			name = Debug;
		};
		DF379B0F1FD5A19B002B5453 /* Release */ = {
			isa = XCBuildConfiguration;
			buildSettings = {
				ASSETCATALOG_COMPILER_APPICON_NAME = AppIcon;
				CODE_SIGN_STYLE = Automatic;
				DEVELOPMENT_TEAM = FE7Z7XL8CP;
				INFOPLIST_FILE = earth3d/Info.plist;
				LD_RUNPATH_SEARCH_PATHS = "$(inherited) @executable_path/Frameworks";
				PRODUCT_BUNDLE_IDENTIFIER = arcobizon.earth3d;
				PRODUCT_NAME = "$(TARGET_NAME)";
				SWIFT_VERSION = 4.0;
				TARGETED_DEVICE_FAMILY = "1,2";
			};
			name = Release;
		};
		DF379B111FD5A19B002B5453 /* Debug */ = {
			isa = XCBuildConfiguration;
			buildSettings = {
				ALWAYS_EMBED_SWIFT_STANDARD_LIBRARIES = YES;
				BUNDLE_LOADER = "$(TEST_HOST)";
				CODE_SIGN_STYLE = Automatic;
				DEVELOPMENT_TEAM = FE7Z7XL8CP;
				INFOPLIST_FILE = earth3dTests/Info.plist;
				LD_RUNPATH_SEARCH_PATHS = "$(inherited) @executable_path/Frameworks @loader_path/Frameworks";
				PRODUCT_BUNDLE_IDENTIFIER = arcobizon.earth3dTests;
				PRODUCT_NAME = "$(TARGET_NAME)";
				SWIFT_VERSION = 4.0;
				TARGETED_DEVICE_FAMILY = "1,2";
				TEST_HOST = "$(BUILT_PRODUCTS_DIR)/earth3d.app/earth3d";
			};
			name = Debug;
		};
		DF379B121FD5A19B002B5453 /* Release */ = {
			isa = XCBuildConfiguration;
			buildSettings = {
				ALWAYS_EMBED_SWIFT_STANDARD_LIBRARIES = YES;
				BUNDLE_LOADER = "$(TEST_HOST)";
				CODE_SIGN_STYLE = Automatic;
				DEVELOPMENT_TEAM = FE7Z7XL8CP;
				INFOPLIST_FILE = earth3dTests/Info.plist;
				LD_RUNPATH_SEARCH_PATHS = "$(inherited) @executable_path/Frameworks @loader_path/Frameworks";
				PRODUCT_BUNDLE_IDENTIFIER = arcobizon.earth3dTests;
				PRODUCT_NAME = "$(TARGET_NAME)";
				SWIFT_VERSION = 4.0;
				TARGETED_DEVICE_FAMILY = "1,2";
				TEST_HOST = "$(BUILT_PRODUCTS_DIR)/earth3d.app/earth3d";
			};
			name = Release;
		};
		DF379B141FD5A19B002B5453 /* Debug */ = {
			isa = XCBuildConfiguration;
			buildSettings = {
				ALWAYS_EMBED_SWIFT_STANDARD_LIBRARIES = YES;
				CODE_SIGN_STYLE = Automatic;
				DEVELOPMENT_TEAM = FE7Z7XL8CP;
				INFOPLIST_FILE = earth3dUITests/Info.plist;
				LD_RUNPATH_SEARCH_PATHS = "$(inherited) @executable_path/Frameworks @loader_path/Frameworks";
				PRODUCT_BUNDLE_IDENTIFIER = arcobizon.earth3dUITests;
				PRODUCT_NAME = "$(TARGET_NAME)";
				SWIFT_VERSION = 4.0;
				TARGETED_DEVICE_FAMILY = "1,2";
				TEST_TARGET_NAME = earth3d;
			};
			name = Debug;
		};
		DF379B151FD5A19B002B5453 /* Release */ = {
			isa = XCBuildConfiguration;
			buildSettings = {
				ALWAYS_EMBED_SWIFT_STANDARD_LIBRARIES = YES;
				CODE_SIGN_STYLE = Automatic;
				DEVELOPMENT_TEAM = FE7Z7XL8CP;
				INFOPLIST_FILE = earth3dUITests/Info.plist;
				LD_RUNPATH_SEARCH_PATHS = "$(inherited) @executable_path/Frameworks @loader_path/Frameworks";
				PRODUCT_BUNDLE_IDENTIFIER = arcobizon.earth3dUITests;
				PRODUCT_NAME = "$(TARGET_NAME)";
				SWIFT_VERSION = 4.0;
				TARGETED_DEVICE_FAMILY = "1,2";
				TEST_TARGET_NAME = earth3d;
			};
			name = Release;
		};
/* End XCBuildConfiguration section */

/* Begin XCConfigurationList section */
		DF379AE01FD5A19A002B5453 /* Build configuration list for PBXProject "earth3d" */ = {
			isa = XCConfigurationList;
			buildConfigurations = (
				DF379B0B1FD5A19A002B5453 /* Debug */,
				DF379B0C1FD5A19A002B5453 /* Release */,
			);
			defaultConfigurationIsVisible = 0;
			defaultConfigurationName = Release;
		};
		DF379B0D1FD5A19B002B5453 /* Build configuration list for PBXNativeTarget "earth3d" */ = {
			isa = XCConfigurationList;
			buildConfigurations = (
				DF379B0E1FD5A19B002B5453 /* Debug */,
				DF379B0F1FD5A19B002B5453 /* Release */,
			);
			defaultConfigurationIsVisible = 0;
			defaultConfigurationName = Release;
		};
		DF379B101FD5A19B002B5453 /* Build configuration list for PBXNativeTarget "earth3dTests" */ = {
			isa = XCConfigurationList;
			buildConfigurations = (
				DF379B111FD5A19B002B5453 /* Debug */,
				DF379B121FD5A19B002B5453 /* Release */,
			);
			defaultConfigurationIsVisible = 0;
			defaultConfigurationName = Release;
		};
		DF379B131FD5A19B002B5453 /* Build configuration list for PBXNativeTarget "earth3dUITests" */ = {
			isa = XCConfigurationList;
			buildConfigurations = (
				DF379B141FD5A19B002B5453 /* Debug */,
				DF379B151FD5A19B002B5453 /* Release */,
			);
			defaultConfigurationIsVisible = 0;
			defaultConfigurationName = Release;
		};
/* End XCConfigurationList section */
	};
	rootObject = DF379ADD1FD5A19A002B5453 /* Project object */;
}
